// !$*UTF8*$!
{
	archiveVersion = 1;
	classes = {
	};
	objectVersion = 46;
	objects = {

/* Begin PBXBuildFile section */
		76E14A9B1D5B03F100080283 /* main.cpp in Sources */ = {isa = PBXBuildFile; fileRef = 76E14A9A1D5B03F100080283 /* main.cpp */; };
		76E14AA21D5B09C500080283 /* A+Bproblem.cpp in Sources */ = {isa = PBXBuildFile; fileRef = 76E14AA11D5B09C500080283 /* A+Bproblem.cpp */; };
		76E14AA41D5B125200080283 /* 1002.cpp in Sources */ = {isa = PBXBuildFile; fileRef = 76E14AA31D5B125200080283 /* 1002.cpp */; };
/* End PBXBuildFile section */

/* Begin PBXCopyFilesBuildPhase section */
		76E14A951D5B03F100080283 /* CopyFiles */ = {
			isa = PBXCopyFilesBuildPhase;
			buildActionMask = 2147483647;
			dstPath = /usr/share/man/man1/;
			dstSubfolderSpec = 0;
			files = (
			);
			runOnlyForDeploymentPostprocessing = 1;
		};
/* End PBXCopyFilesBuildPhase section */

/* Begin PBXFileReference section */
		76E14A971D5B03F100080283 /* sjtoj */ = {isa = PBXFileReference; explicitFileType = "compiled.mach-o.executable"; includeInIndex = 0; path = sjtoj; sourceTree = BUILT_PRODUCTS_DIR; };
		76E14A9A1D5B03F100080283 /* main.cpp */ = {isa = PBXFileReference; lastKnownFileType = sourcecode.cpp.cpp; path = main.cpp; sourceTree = "<group>"; };
		76E14AA11D5B09C500080283 /* A+Bproblem.cpp */ = {isa = PBXFileReference; fileEncoding = 4; lastKnownFileType = sourcecode.cpp.cpp; path = "A+Bproblem.cpp"; sourceTree = "<group>"; };
		76E14AA31D5B125200080283 /* 1002.cpp */ = {isa = PBXFileReference; fileEncoding = 4; lastKnownFileType = sourcecode.cpp.cpp; path = 1002.cpp; sourceTree = "<group>"; };
/* End PBXFileReference section */

/* Begin PBXFrameworksBuildPhase section */
		76E14A941D5B03F100080283 /* Frameworks */ = {
			isa = PBXFrameworksBuildPhase;
			buildActionMask = 2147483647;
			files = (
			);
			runOnlyForDeploymentPostprocessing = 0;
		};
/* End PBXFrameworksBuildPhase section */

/* Begin PBXGroup section */
		76E14A8E1D5B03F100080283 = {
			isa = PBXGroup;
			children = (
				76E14A991D5B03F100080283 /* sjtoj */,
				76E14A981D5B03F100080283 /* Products */,
			);
			sourceTree = "<group>";
		};
		76E14A981D5B03F100080283 /* Products */ = {
			isa = PBXGroup;
			children = (
				76E14A971D5B03F100080283 /* sjtoj */,
			);
			name = Products;
			sourceTree = "<group>";
		};
		76E14A991D5B03F100080283 /* sjtoj */ = {
			isa = PBXGroup;
			children = (
				76E14A9A1D5B03F100080283 /* main.cpp */,
				76E14AA11D5B09C500080283 /* A+Bproblem.cpp */,
				76E14AA31D5B125200080283 /* 1002.cpp */,
			);
			path = sjtoj;
			sourceTree = "<group>";
		};
/* End PBXGroup section */

/* Begin PBXNativeTarget section */
		76E14A961D5B03F100080283 /* sjtoj */ = {
			isa = PBXNativeTarget;
			buildConfigurationList = 76E14A9E1D5B03F100080283 /* Build configuration list for PBXNativeTarget "sjtoj" */;
			buildPhases = (
				76E14A931D5B03F100080283 /* Sources */,
				76E14A941D5B03F100080283 /* Frameworks */,
				76E14A951D5B03F100080283 /* CopyFiles */,
			);
			buildRules = (
			);
			dependencies = (
			);
			name = sjtoj;
			productName = sjtoj;
			productReference = 76E14A971D5B03F100080283 /* sjtoj */;
			productType = "com.apple.product-type.tool";
		};
/* End PBXNativeTarget section */

/* Begin PBXProject section */
		76E14A8F1D5B03F100080283 /* Project object */ = {
			isa = PBXProject;
			attributes = {
				LastUpgradeCheck = 0720;
				ORGANIZATIONNAME = admos;
				TargetAttributes = {
					76E14A961D5B03F100080283 = {
						CreatedOnToolsVersion = 7.2;
					};
				};
			};
			buildConfigurationList = 76E14A921D5B03F100080283 /* Build configuration list for PBXProject "sjtoj" */;
			compatibilityVersion = "Xcode 3.2";
			developmentRegion = English;
			hasScannedForEncodings = 0;
			knownRegions = (
				en,
			);
			mainGroup = 76E14A8E1D5B03F100080283;
			productRefGroup = 76E14A981D5B03F100080283 /* Products */;
			projectDirPath = "";
			projectRoot = "";
			targets = (
				76E14A961D5B03F100080283 /* sjtoj */,
			);
		};
/* End PBXProject section */

/* Begin PBXSourcesBuildPhase section */
		76E14A931D5B03F100080283 /* Sources */ = {
			isa = PBXSourcesBuildPhase;
			buildActionMask = 2147483647;
			files = (
				76E14AA41D5B125200080283 /* 1002.cpp in Sources */,
				76E14AA21D5B09C500080283 /* A+Bproblem.cpp in Sources */,
				76E14A9B1D5B03F100080283 /* main.cpp in Sources */,
			);
			runOnlyForDeploymentPostprocessing = 0;
		};
/* End PBXSourcesBuildPhase section */

/* Begin XCBuildConfiguration section */
		76E14A9C1D5B03F100080283 /* Debug */ = {
			isa = XCBuildConfiguration;
			buildSettings = {
				ALWAYS_SEARCH_USER_PATHS = NO;
				CLANG_CXX_LANGUAGE_STANDARD = "gnu++0x";
				CLANG_CXX_LIBRARY = "libc++";
				CLANG_ENABLE_MODULES = YES;
				CLANG_ENABLE_OBJC_ARC = YES;
				CLANG_WARN_BOOL_CONVERSION = YES;
				CLANG_WARN_CONSTANT_CONVERSION = YES;
				CLANG_WARN_DIRECT_OBJC_ISA_USAGE = YES_ERROR;
				CLANG_WARN_EMPTY_BODY = YES;
				CLANG_WARN_ENUM_CONVERSION = YES;
				CLANG_WARN_INT_CONVERSION = YES;
				CLANG_WARN_OBJC_ROOT_CLASS = YES_ERROR;
				CLANG_WARN_UNREACHABLE_CODE = YES;
				CLANG_WARN__DUPLICATE_METHOD_MATCH = YES;
				CODE_SIGN_IDENTITY = "-";
				COPY_PHASE_STRIP = NO;
				DEBUG_INFORMATION_FORMAT = dwarf;
				ENABLE_STRICT_OBJC_MSGSEND = YES;
				ENABLE_TESTABILITY = YES;
				GCC_C_LANGUAGE_STANDARD = gnu99;
				GCC_DYNAMIC_NO_PIC = NO;
				GCC_NO_COMMON_BLOCKS = YES;
				GCC_OPTIMIZATION_LEVEL = 0;
				GCC_PREPROCESSOR_DEFINITIONS = (
					"DEBUG=1",
					"$(inherited)",
				);
				GCC_WARN_64_TO_32_BIT_CONVERSION = YES;
				GCC_WARN_ABOUT_RETURN_TYPE = YES_ERROR;
				GCC_WARN_UNDECLARED_SELECTOR = YES;
				GCC_WARN_UNINITIALIZED_AUTOS = YES_AGGRESSIVE;
				GCC_WARN_UNUSED_FUNCTION = YES;
				GCC_WARN_UNUSED_VARIABLE = YES;
				MACOSX_DEPLOYMENT_TARGET = 10.10;
				MTL_ENABLE_DEBUG_INFO = YES;
				ONLY_ACTIVE_ARCH = YES;
				SDKROOT = macosx;
			};
			name = Debug;
		};
		76E14A9D1D5B03F100080283 /* Release */ = {
			isa = XCBuildConfiguration;
			buildSettings = {
				ALWAYS_SEARCH_USER_PATHS = NO;
				CLANG_CXX_LANGUAGE_STANDARD = "gnu++0x";
				CLANG_CXX_LIBRARY = "libc++";
				CLANG_ENABLE_MODULES = YES;
				CLANG_ENABLE_OBJC_ARC = YES;
				CLANG_WARN_BOOL_CONVERSION = YES;
				CLANG_WARN_CONSTANT_CONVERSION = YES;
				CLANG_WARN_DIRECT_OBJC_ISA_USAGE = YES_ERROR;
				CLANG_WARN_EMPTY_BODY = YES;
				CLANG_WARN_ENUM_CONVERSION = YES;
				CLANG_WARN_INT_CONVERSION = YES;
				CLANG_WARN_OBJC_ROOT_CLASS = YES_ERROR;
				CLANG_WARN_UNREACHABLE_CODE = YES;
				CLANG_WARN__DUPLICATE_METHOD_MATCH = YES;
				CODE_SIGN_IDENTITY = "-";
				COPY_PHASE_STRIP = NO;
				DEBUG_INFORMATION_FORMAT = "dwarf-with-dsym";
				ENABLE_NS_ASSERTIONS = NO;
				ENABLE_STRICT_OBJC_MSGSEND = YES;
				GCC_C_LANGUAGE_STANDARD = gnu99;
				GCC_NO_COMMON_BLOCKS = YES;
				GCC_WARN_64_TO_32_BIT_CONVERSION = YES;
				GCC_WARN_ABOUT_RETURN_TYPE = YES_ERROR;
				GCC_WARN_UNDECLARED_SELECTOR = YES;
				GCC_WARN_UNINITIALIZED_AUTOS = YES_AGGRESSIVE;
				GCC_WARN_UNUSED_FUNCTION = YES;
				GCC_WARN_UNUSED_VARIABLE = YES;
				MACOSX_DEPLOYMENT_TARGET = 10.10;
				MTL_ENABLE_DEBUG_INFO = NO;
				SDKROOT = macosx;
			};
			name = Release;
		};
		76E14A9F1D5B03F100080283 /* Debug */ = {
			isa = XCBuildConfiguration;
			buildSettings = {
				PRODUCT_NAME = "$(TARGET_NAME)";
			};
			name = Debug;
		};
		76E14AA01D5B03F100080283 /* Release */ = {
			isa = XCBuildConfiguration;
			buildSettings = {
				PRODUCT_NAME = "$(TARGET_NAME)";
			};
			name = Release;
		};
/* End XCBuildConfiguration section */

/* Begin XCConfigurationList section */
		76E14A921D5B03F100080283 /* Build configuration list for PBXProject "sjtoj" */ = {
			isa = XCConfigurationList;
			buildConfigurations = (
				76E14A9C1D5B03F100080283 /* Debug */,
				76E14A9D1D5B03F100080283 /* Release */,
			);
			defaultConfigurationIsVisible = 0;
			defaultConfigurationName = Release;
		};
		76E14A9E1D5B03F100080283 /* Build configuration list for PBXNativeTarget "sjtoj" */ = {
			isa = XCConfigurationList;
			buildConfigurations = (
				76E14A9F1D5B03F100080283 /* Debug */,
				76E14AA01D5B03F100080283 /* Release */,
			);
			defaultConfigurationIsVisible = 0;
		};
/* End XCConfigurationList section */
	};
	rootObject = 76E14A8F1D5B03F100080283 /* Project object */;
}
